Microsoft Visual Studio Solution File, Format Version 12.00
# Visual Studio 2012
Project("{FAE04EC0-301F-11D3-BF4B-00C04F79EFBC}") = "Mutemaanpa", "M8a\M8a.csproj", "{C07105E5-C0DE-4E30-8125-4C16FD3A1FA9}"
EndProject
Project("{FAE04EC0-301F-11D3-BF4B-00C04F79EFBC}") = "Test project", "Test\Test.csproj", "{99FFE4AD-7448-4759-9557-F8F65871ACD7}"
EndProject
Project("{F2A71F9B-5D33-465A-A702-920D77279786}") = "App", "Kernel\App.fsproj", "{FC7FAAC4-71F6-462C-A3C4-04FA0D2254EC}"
EndProject
Project("{2150E333-8FDC-42A3-9474-1A3956D46DE8}") = "Kernel", "Kernel", "{F00850E0-2FB1-4E09-AA3B-673A4BE15E29}"
EndProject
Project("{F2A71F9B-5D33-465A-A702-920D77279786}") = "Logic", "Kernel\Logic\Logic.fsproj", "{37C45835-E25C-408C-A6E3-C8295202D301}"
EndProject
Project("{F2A71F9B-5D33-465A-A702-920D77279786}") = "Storage", "Kernel\Storage\Storage.fsproj", "{3C9545D3-405E-4FB2-B1E9-A948CAAC6CF9}"
EndProject
Project("{F2A71F9B-5D33-465A-A702-920D77279786}") = "Test", "Kernel\Test\Test.fsproj", "{4856C7F1-7D79-449A-9CF1-F961347EBA52}"
EndProject
Global
	GlobalSection(SolutionConfigurationPlatforms) = preSolution
		Debug|Any CPU = Debug|Any CPU
		ExportDebug|Any CPU = ExportDebug|Any CPU
		ExportRelease|Any CPU = ExportRelease|Any CPU
	EndGlobalSection
	GlobalSection(ProjectConfigurationPlatforms) = postSolution
		{C07105E5-C0DE-4E30-8125-4C16FD3A1FA9}.Debug|Any CPU.ActiveCfg = Debug|Any CPU
		{C07105E5-C0DE-4E30-8125-4C16FD3A1FA9}.Debug|Any CPU.Build.0 = Debug|Any CPU
		{C07105E5-C0DE-4E30-8125-4C16FD3A1FA9}.ExportDebug|Any CPU.ActiveCfg = ExportDebug|Any CPU
		{C07105E5-C0DE-4E30-8125-4C16FD3A1FA9}.ExportDebug|Any CPU.Build.0 = ExportDebug|Any CPU
		{C07105E5-C0DE-4E30-8125-4C16FD3A1FA9}.ExportRelease|Any CPU.ActiveCfg = ExportRelease|Any CPU
		{C07105E5-C0DE-4E30-8125-4C16FD3A1FA9}.ExportRelease|Any CPU.Build.0 = ExportRelease|Any CPU
		{99FFE4AD-7448-4759-9557-F8F65871ACD7}.Debug|Any CPU.ActiveCfg = Debug|Any CPU
		{99FFE4AD-7448-4759-9557-F8F65871ACD7}.Debug|Any CPU.Build.0 = Debug|Any CPU
		{99FFE4AD-7448-4759-9557-F8F65871ACD7}.ExportDebug|Any CPU.ActiveCfg = Debug|Any CPU
		{99FFE4AD-7448-4759-9557-F8F65871ACD7}.ExportDebug|Any CPU.Build.0 = Debug|Any CPU
		{99FFE4AD-7448-4759-9557-F8F65871ACD7}.ExportRelease|Any CPU.ActiveCfg = Debug|Any CPU
		{99FFE4AD-7448-4759-9557-F8F65871ACD7}.ExportRelease|Any CPU.Build.0 = Debug|Any CPU
		{FC7FAAC4-71F6-462C-A3C4-04FA0D2254EC}.Debug|Any CPU.ActiveCfg = Debug|Any CPU
		{FC7FAAC4-71F6-462C-A3C4-04FA0D2254EC}.Debug|Any CPU.Build.0 = Debug|Any CPU
		{FC7FAAC4-71F6-462C-A3C4-04FA0D2254EC}.ExportDebug|Any CPU.ActiveCfg = Debug|Any CPU
		{FC7FAAC4-71F6-462C-A3C4-04FA0D2254EC}.ExportDebug|Any CPU.Build.0 = Debug|Any CPU
		{FC7FAAC4-71F6-462C-A3C4-04FA0D2254EC}.ExportRelease|Any CPU.ActiveCfg = Debug|Any CPU
		{FC7FAAC4-71F6-462C-A3C4-04FA0D2254EC}.ExportRelease|Any CPU.Build.0 = Debug|Any CPU
		{37C45835-E25C-408C-A6E3-C8295202D301}.Debug|Any CPU.ActiveCfg = Debug|Any CPU
		{37C45835-E25C-408C-A6E3-C8295202D301}.Debug|Any CPU.Build.0 = Debug|Any CPU
		{37C45835-E25C-408C-A6E3-C8295202D301}.ExportDebug|Any CPU.ActiveCfg = Debug|Any CPU
		{37C45835-E25C-408C-A6E3-C8295202D301}.ExportDebug|Any CPU.Build.0 = Debug|Any CPU
		{37C45835-E25C-408C-A6E3-C8295202D301}.ExportRelease|Any CPU.ActiveCfg = Debug|Any CPU
		{37C45835-E25C-408C-A6E3-C8295202D301}.ExportRelease|Any CPU.Build.0 = Debug|Any CPU
		{3C9545D3-405E-4FB2-B1E9-A948CAAC6CF9}.Debug|Any CPU.ActiveCfg = Debug|Any CPU
		{3C9545D3-405E-4FB2-B1E9-A948CAAC6CF9}.Debug|Any CPU.Build.0 = Debug|Any CPU
		{3C9545D3-405E-4FB2-B1E9-A948CAAC6CF9}.ExportDebug|Any CPU.ActiveCfg = Debug|Any CPU
		{3C9545D3-405E-4FB2-B1E9-A948CAAC6CF9}.ExportDebug|Any CPU.Build.0 = Debug|Any CPU
		{3C9545D3-405E-4FB2-B1E9-A948CAAC6CF9}.ExportRelease|Any CPU.ActiveCfg = Debug|Any CPU
		{3C9545D3-405E-4FB2-B1E9-A948CAAC6CF9}.ExportRelease|Any CPU.Build.0 = Debug|Any CPU
		{4856C7F1-7D79-449A-9CF1-F961347EBA52}.Debug|Any CPU.ActiveCfg = Debug|Any CPU
		{4856C7F1-7D79-449A-9CF1-F961347EBA52}.Debug|Any CPU.Build.0 = Debug|Any CPU
		{4856C7F1-7D79-449A-9CF1-F961347EBA52}.ExportDebug|Any CPU.ActiveCfg = Debug|Any CPU
		{4856C7F1-7D79-449A-9CF1-F961347EBA52}.ExportDebug|Any CPU.Build.0 = Debug|Any CPU
		{4856C7F1-7D79-449A-9CF1-F961347EBA52}.ExportRelease|Any CPU.ActiveCfg = Debug|Any CPU
		{4856C7F1-7D79-449A-9CF1-F961347EBA52}.ExportRelease|Any CPU.Build.0 = Debug|Any CPU
	EndGlobalSection
	GlobalSection(NestedProjects) = preSolution
		{37C45835-E25C-408C-A6E3-C8295202D301} = {F00850E0-2FB1-4E09-AA3B-673A4BE15E29}
		{3C9545D3-405E-4FB2-B1E9-A948CAAC6CF9} = {F00850E0-2FB1-4E09-AA3B-673A4BE15E29}
		{4856C7F1-7D79-449A-9CF1-F961347EBA52} = {F00850E0-2FB1-4E09-AA3B-673A4BE15E29}
	EndGlobalSection
EndGlobal
